
Microsoft Visual Studio Solution File, Format Version 12.00
# Visual Studio Version 17
VisualStudioVersion = 17.11.35327.3
MinimumVisualStudioVersion = 10.0.40219.1
Project("{FAE04EC0-301F-11D3-BF4B-00C04F79EFBC}") = "Paygenix", "Paygenix\Paygenix.csproj", "{4D92E64F-B64B-4F4B-8AAF-E90A19F90B73}"
EndProject
Global
	GlobalSection(SolutionConfigurationPlatforms) = preSolution
		Debug|Any CPU = Debug|Any CPU
		Release|Any CPU = Release|Any CPU
	EndGlobalSection
	GlobalSection(ProjectConfigurationPlatforms) = postSolution
		{4D92E64F-B64B-4F4B-8AAF-E90A19F90B73}.Debug|Any CPU.ActiveCfg = Debug|Any CPU
		{4D92E64F-B64B-4F4B-8AAF-E90A19F90B73}.Debug|Any CPU.Build.0 = Debug|Any CPU
		{4D92E64F-B64B-4F4B-8AAF-E90A19F90B73}.Release|Any CPU.ActiveCfg = Release|Any CPU
		{4D92E64F-B64B-4F4B-8AAF-E90A19F90B73}.Release|Any CPU.Build.0 = Release|Any CPU
	EndGlobalSection
	GlobalSection(SolutionProperties) = preSolution
		HideSolutionNode = FALSE
	EndGlobalSection
	GlobalSection(ExtensibilityGlobals) = postSolution
		SolutionGuid = {80DB313D-EFC4-4ECE-BC4B-C40A44AE6C90}
	EndGlobalSection
EndGlobal
